// !$*UTF8*$!
{
	archiveVersion = 1;
	classes = {
	};
	objectVersion = 46;
	objects = {

/* Begin PBXBuildFile section */
		7D657D7C1C7B4F1800D65860 /* main.m in Sources */ = {isa = PBXBuildFile; fileRef = 7D657D7B1C7B4F1800D65860 /* main.m */; };
		7D657D7F1C7B4F1800D65860 /* AppDelegate.m in Sources */ = {isa = PBXBuildFile; fileRef = 7D657D7E1C7B4F1800D65860 /* AppDelegate.m */; };
		7D657D821C7B4F1800D65860 /* ViewController.m in Sources */ = {isa = PBXBuildFile; fileRef = 7D657D811C7B4F1800D65860 /* ViewController.m */; };
		7D657D851C7B4F1800D65860 /* Main.storyboard in Resources */ = {isa = PBXBuildFile; fileRef = 7D657D831C7B4F1800D65860 /* Main.storyboard */; };
		7D657D871C7B4F1800D65860 /* Assets.xcassets in Resources */ = {isa = PBXBuildFile; fileRef = 7D657D861C7B4F1800D65860 /* Assets.xcassets */; };
		7D657D8A1C7B4F1800D65860 /* LaunchScreen.storyboard in Resources */ = {isa = PBXBuildFile; fileRef = 7D657D881C7B4F1800D65860 /* LaunchScreen.storyboard */; };
/* End PBXBuildFile section */

/* Begin PBXFileReference section */
		7D657D771C7B4F1800D65860 /* WoYouShuo.app */ = {isa = PBXFileReference; explicitFileType = wrapper.application; includeInIndex = 0; path = WoYouShuo.app; sourceTree = BUILT_PRODUCTS_DIR; };
		7D657D7B1C7B4F1800D65860 /* main.m */ = {isa = PBXFileReference; lastKnownFileType = sourcecode.c.objc; path = main.m; sourceTree = "<group>"; };
		7D657D7D1C7B4F1800D65860 /* AppDelegate.h */ = {isa = PBXFileReference; lastKnownFileType = sourcecode.c.h; path = AppDelegate.h; sourceTree = "<group>"; };
		7D657D7E1C7B4F1800D65860 /* AppDelegate.m */ = {isa = PBXFileReference; lastKnownFileType = sourcecode.c.objc; path = AppDelegate.m; sourceTree = "<group>"; };
		7D657D801C7B4F1800D65860 /* ViewController.h */ = {isa = PBXFileReference; lastKnownFileType = sourcecode.c.h; path = ViewController.h; sourceTree = "<group>"; };
		7D657D811C7B4F1800D65860 /* ViewController.m */ = {isa = PBXFileReference; lastKnownFileType = sourcecode.c.objc; path = ViewController.m; sourceTree = "<group>"; };
		7D657D841C7B4F1800D65860 /* Base */ = {isa = PBXFileReference; lastKnownFileType = file.storyboard; name = Base; path = Base.lproj/Main.storyboard; sourceTree = "<group>"; };
		7D657D861C7B4F1800D65860 /* Assets.xcassets */ = {isa = PBXFileReference; lastKnownFileType = folder.assetcatalog; path = Assets.xcassets; sourceTree = "<group>"; };
		7D657D891C7B4F1800D65860 /* Base */ = {isa = PBXFileReference; lastKnownFileType = file.storyboard; name = Base; path = Base.lproj/LaunchScreen.storyboard; sourceTree = "<group>"; };
		7D657D8B1C7B4F1800D65860 /* Info.plist */ = {isa = PBXFileReference; lastKnownFileType = text.plist.xml; path = Info.plist; sourceTree = "<group>"; };
/* End PBXFileReference section */

/* Begin PBXFrameworksBuildPhase section */
		7D657D741C7B4F1800D65860 /* Frameworks */ = {
			isa = PBXFrameworksBuildPhase;
			buildActionMask = 2147483647;
			files = (
			);
			runOnlyForDeploymentPostprocessing = 0;
		};
/* End PBXFrameworksBuildPhase section */

/* Begin PBXGroup section */
		7D657D6E1C7B4F1800D65860 = {
			isa = PBXGroup;
			children = (
				7D657D791C7B4F1800D65860 /* WoYouShuo */,
				7D657D781C7B4F1800D65860 /* Products */,
			);
			sourceTree = "<group>";
		};
		7D657D781C7B4F1800D65860 /* Products */ = {
			isa = PBXGroup;
			children = (
				7D657D771C7B4F1800D65860 /* WoYouShuo.app */,
			);
			name = Products;
			sourceTree = "<group>";
		};
		7D657D791C7B4F1800D65860 /* WoYouShuo */ = {
			isa = PBXGroup;
			children = (
				7D657D911C7B4F5F00D65860 /* Util */,
				7D657D7D1C7B4F1800D65860 /* AppDelegate.h */,
				7D657D7E1C7B4F1800D65860 /* AppDelegate.m */,
				7D657D801C7B4F1800D65860 /* ViewController.h */,
				7D657D811C7B4F1800D65860 /* ViewController.m */,
				7D657D831C7B4F1800D65860 /* Main.storyboard */,
				7D657D861C7B4F1800D65860 /* Assets.xcassets */,
				7D657D881C7B4F1800D65860 /* LaunchScreen.storyboard */,
				7D657D8B1C7B4F1800D65860 /* Info.plist */,
				7D657D7A1C7B4F1800D65860 /* Supporting Files */,
			);
			path = WoYouShuo;
			sourceTree = "<group>";
		};
		7D657D7A1C7B4F1800D65860 /* Supporting Files */ = {
			isa = PBXGroup;
			children = (
				7D657D7B1C7B4F1800D65860 /* main.m */,
			);
			name = "Supporting Files";
			sourceTree = "<group>";
		};
		7D657D911C7B4F5F00D65860 /* Util */ = {
			isa = PBXGroup;
			children = (
			);
			path = Util;
			sourceTree = "<group>";
		};
/* End PBXGroup section */

/* Begin PBXNativeTarget section */
		7D657D761C7B4F1800D65860 /* WoYouShuo */ = {
			isa = PBXNativeTarget;
			buildConfigurationList = 7D657D8E1C7B4F1800D65860 /* Build configuration list for PBXNativeTarget "WoYouShuo" */;
			buildPhases = (
				7D657D731C7B4F1800D65860 /* Sources */,
				7D657D741C7B4F1800D65860 /* Frameworks */,
				7D657D751C7B4F1800D65860 /* Resources */,
			);
			buildRules = (
			);
			dependencies = (
			);
			name = WoYouShuo;
			productName = WoYouShuo;
			productReference = 7D657D771C7B4F1800D65860 /* WoYouShuo.app */;
			productType = "com.apple.product-type.application";
		};
/* End PBXNativeTarget section */

/* Begin PBXProject section */
		7D657D6F1C7B4F1800D65860 /* Project object */ = {
			isa = PBXProject;
			attributes = {
				LastUpgradeCheck = 0720;
				ORGANIZATIONNAME = woyoushuo;
				TargetAttributes = {
					7D657D761C7B4F1800D65860 = {
						CreatedOnToolsVersion = 7.2.1;
					};
				};
			};
			buildConfigurationList = 7D657D721C7B4F1800D65860 /* Build configuration list for PBXProject "WoYouShuo" */;
			compatibilityVersion = "Xcode 3.2";
			developmentRegion = English;
			hasScannedForEncodings = 0;
			knownRegions = (
				en,
				Base,
			);
			mainGroup = 7D657D6E1C7B4F1800D65860;
			productRefGroup = 7D657D781C7B4F1800D65860 /* Products */;
			projectDirPath = "";
			projectRoot = "";
			targets = (
				7D657D761C7B4F1800D65860 /* WoYouShuo */,
			);
		};
/* End PBXProject section */

/* Begin PBXResourcesBuildPhase section */
		7D657D751C7B4F1800D65860 /* Resources */ = {
			isa = PBXResourcesBuildPhase;
			buildActionMask = 2147483647;
			files = (
				7D657D8A1C7B4F1800D65860 /* LaunchScreen.storyboard in Resources */,
				7D657D871C7B4F1800D65860 /* Assets.xcassets in Resources */,
				7D657D851C7B4F1800D65860 /* Main.storyboard in Resources */,
			);
			runOnlyForDeploymentPostprocessing = 0;
		};
/* End PBXResourcesBuildPhase section */

/* Begin PBXSourcesBuildPhase section */
		7D657D731C7B4F1800D65860 /* Sources */ = {
			isa = PBXSourcesBuildPhase;
			buildActionMask = 2147483647;
			files = (
				7D657D821C7B4F1800D65860 /* ViewController.m in Sources */,
				7D657D7F1C7B4F1800D65860 /* AppDelegate.m in Sources */,
				7D657D7C1C7B4F1800D65860 /* main.m in Sources */,
			);
			runOnlyForDeploymentPostprocessing = 0;
		};
/* End PBXSourcesBuildPhase section */

/* Begin PBXVariantGroup section */
		7D657D831C7B4F1800D65860 /* Main.storyboard */ = {
			isa = PBXVariantGroup;
			children = (
				7D657D841C7B4F1800D65860 /* Base */,
			);
			name = Main.storyboard;
			sourceTree = "<group>";
		};
		7D657D881C7B4F1800D65860 /* LaunchScreen.storyboard */ = {
			isa = PBXVariantGroup;
			children = (
				7D657D891C7B4F1800D65860 /* Base */,
			);
			name = LaunchScreen.storyboard;
			sourceTree = "<group>";
		};
/* End PBXVariantGroup section */

/* Begin XCBuildConfiguration section */
		7D657D8C1C7B4F1800D65860 /* Debug */ = {
			isa = XCBuildConfiguration;
			buildSettings = {
				ALWAYS_SEARCH_USER_PATHS = NO;
				CLANG_CXX_LANGUAGE_STANDARD = "gnu++0x";
				CLANG_CXX_LIBRARY = "libc++";
				CLANG_ENABLE_MODULES = YES;
				CLANG_ENABLE_OBJC_ARC = YES;
				CLANG_WARN_BOOL_CONVERSION = YES;
				CLANG_WARN_CONSTANT_CONVERSION = YES;
				CLANG_WARN_DIRECT_OBJC_ISA_USAGE = YES_ERROR;
				CLANG_WARN_EMPTY_BODY = YES;
				CLANG_WARN_ENUM_CONVERSION = YES;
				CLANG_WARN_INT_CONVERSION = YES;
				CLANG_WARN_OBJC_ROOT_CLASS = YES_ERROR;
				CLANG_WARN_UNREACHABLE_CODE = YES;
				CLANG_WARN__DUPLICATE_METHOD_MATCH = YES;
				"CODE_SIGN_IDENTITY[sdk=iphoneos*]" = "iPhone Developer";
				COPY_PHASE_STRIP = NO;
				DEBUG_INFORMATION_FORMAT = dwarf;
				ENABLE_STRICT_OBJC_MSGSEND = YES;
				ENABLE_TESTABILITY = YES;
				GCC_C_LANGUAGE_STANDARD = gnu99;
				GCC_DYNAMIC_NO_PIC = NO;
				GCC_NO_COMMON_BLOCKS = YES;
				GCC_OPTIMIZATION_LEVEL = 0;
				GCC_PREPROCESSOR_DEFINITIONS = (
					"DEBUG=1",
					"$(inherited)",
				);
				GCC_WARN_64_TO_32_BIT_CONVERSION = YES;
				GCC_WARN_ABOUT_RETURN_TYPE = YES_ERROR;
				GCC_WARN_UNDECLARED_SELECTOR = YES;
				GCC_WARN_UNINITIALIZED_AUTOS = YES_AGGRESSIVE;
				GCC_WARN_UNUSED_FUNCTION = YES;
				GCC_WARN_UNUSED_VARIABLE = YES;
				IPHONEOS_DEPLOYMENT_TARGET = 9.2;
				MTL_ENABLE_DEBUG_INFO = YES;
				ONLY_ACTIVE_ARCH = YES;
				SDKROOT = iphoneos;
				TARGETED_DEVICE_FAMILY = "1,2";
			};
			name = Debug;
		};
		7D657D8D1C7B4F1800D65860 /* Release */ = {
			isa = XCBuildConfiguration;
			buildSettings = {
				ALWAYS_SEARCH_USER_PATHS = NO;
				CLANG_CXX_LANGUAGE_STANDARD = "gnu++0x";
				CLANG_CXX_LIBRARY = "libc++";
				CLANG_ENABLE_MODULES = YES;
				CLANG_ENABLE_OBJC_ARC = YES;
				CLANG_WARN_BOOL_CONVERSION = YES;
				CLANG_WARN_CONSTANT_CONVERSION = YES;
				CLANG_WARN_DIRECT_OBJC_ISA_USAGE = YES_ERROR;
				CLANG_WARN_EMPTY_BODY = YES;
				CLANG_WARN_ENUM_CONVERSION = YES;
				CLANG_WARN_INT_CONVERSION = YES;
				CLANG_WARN_OBJC_ROOT_CLASS = YES_ERROR;
				CLANG_WARN_UNREACHABLE_CODE = YES;
				CLANG_WARN__DUPLICATE_METHOD_MATCH = YES;
				"CODE_SIGN_IDENTITY[sdk=iphoneos*]" = "iPhone Developer";
				COPY_PHASE_STRIP = NO;
				DEBUG_INFORMATION_FORMAT = "dwarf-with-dsym";
				ENABLE_NS_ASSERTIONS = NO;
				ENABLE_STRICT_OBJC_MSGSEND = YES;
				GCC_C_LANGUAGE_STANDARD = gnu99;
				GCC_NO_COMMON_BLOCKS = YES;
				GCC_WARN_64_TO_32_BIT_CONVERSION = YES;
				GCC_WARN_ABOUT_RETURN_TYPE = YES_ERROR;
				GCC_WARN_UNDECLARED_SELECTOR = YES;
				GCC_WARN_UNINITIALIZED_AUTOS = YES_AGGRESSIVE;
				GCC_WARN_UNUSED_FUNCTION = YES;
				GCC_WARN_UNUSED_VARIABLE = YES;
				IPHONEOS_DEPLOYMENT_TARGET = 9.2;
				MTL_ENABLE_DEBUG_INFO = NO;
				SDKROOT = iphoneos;
				TARGETED_DEVICE_FAMILY = "1,2";
				VALIDATE_PRODUCT = YES;
			};
			name = Release;
		};
		7D657D8F1C7B4F1800D65860 /* Debug */ = {
			isa = XCBuildConfiguration;
			buildSettings = {
				ASSETCATALOG_COMPILER_APPICON_NAME = AppIcon;
				INFOPLIST_FILE = WoYouShuo/Info.plist;
				IPHONEOS_DEPLOYMENT_TARGET = 7.0;
				LD_RUNPATH_SEARCH_PATHS = "$(inherited) @executable_path/Frameworks";
				PRODUCT_BUNDLE_IDENTIFIER = com.woyoushuo.m.WoYouShuo;
				PRODUCT_NAME = "$(TARGET_NAME)";
			};
			name = Debug;
		};
		7D657D901C7B4F1800D65860 /* Release */ = {
			isa = XCBuildConfiguration;
			buildSettings = {
				ASSETCATALOG_COMPILER_APPICON_NAME = AppIcon;
				INFOPLIST_FILE = WoYouShuo/Info.plist;
				IPHONEOS_DEPLOYMENT_TARGET = 7.0;
				LD_RUNPATH_SEARCH_PATHS = "$(inherited) @executable_path/Frameworks";
				PRODUCT_BUNDLE_IDENTIFIER = com.woyoushuo.m.WoYouShuo;
				PRODUCT_NAME = "$(TARGET_NAME)";
			};
			name = Release;
		};
/* End XCBuildConfiguration section */

/* Begin XCConfigurationList section */
		7D657D721C7B4F1800D65860 /* Build configuration list for PBXProject "WoYouShuo" */ = {
			isa = XCConfigurationList;
			buildConfigurations = (
				7D657D8C1C7B4F1800D65860 /* Debug */,
				7D657D8D1C7B4F1800D65860 /* Release */,
			);
			defaultConfigurationIsVisible = 0;
			defaultConfigurationName = Release;
		};
		7D657D8E1C7B4F1800D65860 /* Build configuration list for PBXNativeTarget "WoYouShuo" */ = {
			isa = XCConfigurationList;
			buildConfigurations = (
				7D657D8F1C7B4F1800D65860 /* Debug */,
				7D657D901C7B4F1800D65860 /* Release */,
			);
			defaultConfigurationIsVisible = 0;
		};
/* End XCConfigurationList section */
	};
	rootObject = 7D657D6F1C7B4F1800D65860 /* Project object */;
}
